// !$*UTF8*$!
{
	archiveVersion = 1;
	classes = {
	};
	objectVersion = 56;
	objects = {

/* Begin PBXBuildFile section */
		BEEFC7102B1D0DBD0072ECB3 /* AppDelegate.swift in Sources */ = {isa = PBXBuildFile; fileRef = BEEFC70F2B1D0DBD0072ECB3 /* AppDelegate.swift */; };
		BEEFC7122B1D0DBD0072ECB3 /* SceneDelegate.swift in Sources */ = {isa = PBXBuildFile; fileRef = BEEFC7112B1D0DBD0072ECB3 /* SceneDelegate.swift */; };
		BEEFC7142B1D0DBD0072ECB3 /* ViewController.swift in Sources */ = {isa = PBXBuildFile; fileRef = BEEFC7132B1D0DBD0072ECB3 /* ViewController.swift */; };
		BEEFC7172B1D0DBD0072ECB3 /* Main.storyboard in Resources */ = {isa = PBXBuildFile; fileRef = BEEFC7152B1D0DBD0072ECB3 /* Main.storyboard */; };
		BEEFC7192B1D0DBF0072ECB3 /* Assets.xcassets in Resources */ = {isa = PBXBuildFile; fileRef = BEEFC7182B1D0DBF0072ECB3 /* Assets.xcassets */; };
		BEEFC71C2B1D0DBF0072ECB3 /* LaunchScreen.storyboard in Resources */ = {isa = PBXBuildFile; fileRef = BEEFC71A2B1D0DBF0072ECB3 /* LaunchScreen.storyboard */; };
		BEEFC7272B1D0DBF0072ECB3 /* CalculatorTests.swift in Sources */ = {isa = PBXBuildFile; fileRef = BEEFC7262B1D0DBF0072ECB3 /* CalculatorTests.swift */; };
		BEEFC7312B1D0DBF0072ECB3 /* CalculatorUITests.swift in Sources */ = {isa = PBXBuildFile; fileRef = BEEFC7302B1D0DBF0072ECB3 /* CalculatorUITests.swift */; };
		BEEFC7332B1D0DBF0072ECB3 /* CalculatorUITestsLaunchTests.swift in Sources */ = {isa = PBXBuildFile; fileRef = BEEFC7322B1D0DBF0072ECB3 /* CalculatorUITestsLaunchTests.swift */; };
/* End PBXBuildFile section */

/* Begin PBXContainerItemProxy section */
		BEEFC7232B1D0DBF0072ECB3 /* PBXContainerItemProxy */ = {
			isa = PBXContainerItemProxy;
			containerPortal = BEEFC7042B1D0DBD0072ECB3 /* Project object */;
			proxyType = 1;
			remoteGlobalIDString = BEEFC70B2B1D0DBD0072ECB3;
			remoteInfo = Calculator;
		};
		BEEFC72D2B1D0DBF0072ECB3 /* PBXContainerItemProxy */ = {
			isa = PBXContainerItemProxy;
			containerPortal = BEEFC7042B1D0DBD0072ECB3 /* Project object */;
			proxyType = 1;
			remoteGlobalIDString = BEEFC70B2B1D0DBD0072ECB3;
			remoteInfo = Calculator;
		};
/* End PBXContainerItemProxy section */

/* Begin PBXFileReference section */
		BEEFC70C2B1D0DBD0072ECB3 /* Calculator.app */ = {isa = PBXFileReference; explicitFileType = wrapper.application; includeInIndex = 0; path = Calculator.app; sourceTree = BUILT_PRODUCTS_DIR; };
		BEEFC70F2B1D0DBD0072ECB3 /* AppDelegate.swift */ = {isa = PBXFileReference; lastKnownFileType = sourcecode.swift; path = AppDelegate.swift; sourceTree = "<group>"; };
		BEEFC7112B1D0DBD0072ECB3 /* SceneDelegate.swift */ = {isa = PBXFileReference; lastKnownFileType = sourcecode.swift; path = SceneDelegate.swift; sourceTree = "<group>"; };
		BEEFC7132B1D0DBD0072ECB3 /* ViewController.swift */ = {isa = PBXFileReference; lastKnownFileType = sourcecode.swift; path = ViewController.swift; sourceTree = "<group>"; };
		BEEFC7162B1D0DBD0072ECB3 /* Base */ = {isa = PBXFileReference; lastKnownFileType = file.storyboard; name = Base; path = Base.lproj/Main.storyboard; sourceTree = "<group>"; };
		BEEFC7182B1D0DBF0072ECB3 /* Assets.xcassets */ = {isa = PBXFileReference; lastKnownFileType = folder.assetcatalog; path = Assets.xcassets; sourceTree = "<group>"; };
		BEEFC71B2B1D0DBF0072ECB3 /* Base */ = {isa = PBXFileReference; lastKnownFileType = file.storyboard; name = Base; path = Base.lproj/LaunchScreen.storyboard; sourceTree = "<group>"; };
		BEEFC71D2B1D0DBF0072ECB3 /* Info.plist */ = {isa = PBXFileReference; lastKnownFileType = text.plist.xml; path = Info.plist; sourceTree = "<group>"; };
		BEEFC7222B1D0DBF0072ECB3 /* CalculatorTests.xctest */ = {isa = PBXFileReference; explicitFileType = wrapper.cfbundle; includeInIndex = 0; path = CalculatorTests.xctest; sourceTree = BUILT_PRODUCTS_DIR; };
		BEEFC7262B1D0DBF0072ECB3 /* CalculatorTests.swift */ = {isa = PBXFileReference; lastKnownFileType = sourcecode.swift; path = CalculatorTests.swift; sourceTree = "<group>"; };
		BEEFC72C2B1D0DBF0072ECB3 /* CalculatorUITests.xctest */ = {isa = PBXFileReference; explicitFileType = wrapper.cfbundle; includeInIndex = 0; path = CalculatorUITests.xctest; sourceTree = BUILT_PRODUCTS_DIR; };
		BEEFC7302B1D0DBF0072ECB3 /* CalculatorUITests.swift */ = {isa = PBXFileReference; lastKnownFileType = sourcecode.swift; path = CalculatorUITests.swift; sourceTree = "<group>"; };
		BEEFC7322B1D0DBF0072ECB3 /* CalculatorUITestsLaunchTests.swift */ = {isa = PBXFileReference; lastKnownFileType = sourcecode.swift; path = CalculatorUITestsLaunchTests.swift; sourceTree = "<group>"; };
/* End PBXFileReference section */

/* Begin PBXFrameworksBuildPhase section */
		BEEFC7092B1D0DBD0072ECB3 /* Frameworks */ = {
			isa = PBXFrameworksBuildPhase;
			buildActionMask = 2147483647;
			files = (
			);
			runOnlyForDeploymentPostprocessing = 0;
		};
		BEEFC71F2B1D0DBF0072ECB3 /* Frameworks */ = {
			isa = PBXFrameworksBuildPhase;
			buildActionMask = 2147483647;
			files = (
			);
			runOnlyForDeploymentPostprocessing = 0;
		};
		BEEFC7292B1D0DBF0072ECB3 /* Frameworks */ = {
			isa = PBXFrameworksBuildPhase;
			buildActionMask = 2147483647;
			files = (
			);
			runOnlyForDeploymentPostprocessing = 0;
		};
/* End PBXFrameworksBuildPhase section */

/* Begin PBXGroup section */
		BEEFC7032B1D0DBD0072ECB3 = {
			isa = PBXGroup;
			children = (
				BEEFC70E2B1D0DBD0072ECB3 /* Calculator */,
				BEEFC7252B1D0DBF0072ECB3 /* CalculatorTests */,
				BEEFC72F2B1D0DBF0072ECB3 /* CalculatorUITests */,
				BEEFC70D2B1D0DBD0072ECB3 /* Products */,
			);
			sourceTree = "<group>";
		};
		BEEFC70D2B1D0DBD0072ECB3 /* Products */ = {
			isa = PBXGroup;
			children = (
				BEEFC70C2B1D0DBD0072ECB3 /* Calculator.app */,
				BEEFC7222B1D0DBF0072ECB3 /* CalculatorTests.xctest */,
				BEEFC72C2B1D0DBF0072ECB3 /* CalculatorUITests.xctest */,
			);
			name = Products;
			sourceTree = "<group>";
		};
		BEEFC70E2B1D0DBD0072ECB3 /* Calculator */ = {
			isa = PBXGroup;
			children = (
				BEEFC70F2B1D0DBD0072ECB3 /* AppDelegate.swift */,
				BEEFC7112B1D0DBD0072ECB3 /* SceneDelegate.swift */,
				BEEFC7132B1D0DBD0072ECB3 /* ViewController.swift */,
				BEEFC7152B1D0DBD0072ECB3 /* Main.storyboard */,
				BEEFC7182B1D0DBF0072ECB3 /* Assets.xcassets */,
				BEEFC71A2B1D0DBF0072ECB3 /* LaunchScreen.storyboard */,
				BEEFC71D2B1D0DBF0072ECB3 /* Info.plist */,
			);
			path = Calculator;
			sourceTree = "<group>";
		};
		BEEFC7252B1D0DBF0072ECB3 /* CalculatorTests */ = {
			isa = PBXGroup;
			children = (
				BEEFC7262B1D0DBF0072ECB3 /* CalculatorTests.swift */,
			);
			path = CalculatorTests;
			sourceTree = "<group>";
		};
		BEEFC72F2B1D0DBF0072ECB3 /* CalculatorUITests */ = {
			isa = PBXGroup;
			children = (
				BEEFC7302B1D0DBF0072ECB3 /* CalculatorUITests.swift */,
				BEEFC7322B1D0DBF0072ECB3 /* CalculatorUITestsLaunchTests.swift */,
			);
			path = CalculatorUITests;
			sourceTree = "<group>";
		};
/* End PBXGroup section */

/* Begin PBXNativeTarget section */
		BEEFC70B2B1D0DBD0072ECB3 /* Calculator */ = {
			isa = PBXNativeTarget;
			buildConfigurationList = BEEFC7362B1D0DBF0072ECB3 /* Build configuration list for PBXNativeTarget "Calculator" */;
			buildPhases = (
				BEEFC7082B1D0DBD0072ECB3 /* Sources */,
				BEEFC7092B1D0DBD0072ECB3 /* Frameworks */,
				BEEFC70A2B1D0DBD0072ECB3 /* Resources */,
			);
			buildRules = (
			);
			dependencies = (
			);
			name = Calculator;
			productName = Calculator;
			productReference = BEEFC70C2B1D0DBD0072ECB3 /* Calculator.app */;
			productType = "com.apple.product-type.application";
		};
		BEEFC7212B1D0DBF0072ECB3 /* CalculatorTests */ = {
			isa = PBXNativeTarget;
			buildConfigurationList = BEEFC7392B1D0DBF0072ECB3 /* Build configuration list for PBXNativeTarget "CalculatorTests" */;
			buildPhases = (
				BEEFC71E2B1D0DBF0072ECB3 /* Sources */,
				BEEFC71F2B1D0DBF0072ECB3 /* Frameworks */,
				BEEFC7202B1D0DBF0072ECB3 /* Resources */,
			);
			buildRules = (
			);
			dependencies = (
				BEEFC7242B1D0DBF0072ECB3 /* PBXTargetDependency */,
			);
			name = CalculatorTests;
			productName = CalculatorTests;
			productReference = BEEFC7222B1D0DBF0072ECB3 /* CalculatorTests.xctest */;
			productType = "com.apple.product-type.bundle.unit-test";
		};
		BEEFC72B2B1D0DBF0072ECB3 /* CalculatorUITests */ = {
			isa = PBXNativeTarget;
			buildConfigurationList = BEEFC73C2B1D0DBF0072ECB3 /* Build configuration list for PBXNativeTarget "CalculatorUITests" */;
			buildPhases = (
				BEEFC7282B1D0DBF0072ECB3 /* Sources */,
				BEEFC7292B1D0DBF0072ECB3 /* Frameworks */,
				BEEFC72A2B1D0DBF0072ECB3 /* Resources */,
			);
			buildRules = (
			);
			dependencies = (
				BEEFC72E2B1D0DBF0072ECB3 /* PBXTargetDependency */,
			);
			name = CalculatorUITests;
			productName = CalculatorUITests;
			productReference = BEEFC72C2B1D0DBF0072ECB3 /* CalculatorUITests.xctest */;
			productType = "com.apple.product-type.bundle.ui-testing";
		};
/* End PBXNativeTarget section */

/* Begin PBXProject section */
		BEEFC7042B1D0DBD0072ECB3 /* Project object */ = {
			isa = PBXProject;
			attributes = {
				BuildIndependentTargetsInParallel = 1;
				LastSwiftUpdateCheck = 1500;
				LastUpgradeCheck = 1500;
				TargetAttributes = {
					BEEFC70B2B1D0DBD0072ECB3 = {
						CreatedOnToolsVersion = 15.0;
					};
					BEEFC7212B1D0DBF0072ECB3 = {
						CreatedOnToolsVersion = 15.0;
						TestTargetID = BEEFC70B2B1D0DBD0072ECB3;
					};
					BEEFC72B2B1D0DBF0072ECB3 = {
						CreatedOnToolsVersion = 15.0;
						TestTargetID = BEEFC70B2B1D0DBD0072ECB3;
					};
				};
			};
			buildConfigurationList = BEEFC7072B1D0DBD0072ECB3 /* Build configuration list for PBXProject "Calculator" */;
			compatibilityVersion = "Xcode 14.0";
			developmentRegion = en;
			hasScannedForEncodings = 0;
			knownRegions = (
				en,
				Base,
			);
			mainGroup = BEEFC7032B1D0DBD0072ECB3;
			productRefGroup = BEEFC70D2B1D0DBD0072ECB3 /* Products */;
			projectDirPath = "";
			projectRoot = "";
			targets = (
				BEEFC70B2B1D0DBD0072ECB3 /* Calculator */,
				BEEFC7212B1D0DBF0072ECB3 /* CalculatorTests */,
				BEEFC72B2B1D0DBF0072ECB3 /* CalculatorUITests */,
			);
		};
/* End PBXProject section */

/* Begin PBXResourcesBuildPhase section */
		BEEFC70A2B1D0DBD0072ECB3 /* Resources */ = {
			isa = PBXResourcesBuildPhase;
			buildActionMask = 2147483647;
			files = (
				BEEFC71C2B1D0DBF0072ECB3 /* LaunchScreen.storyboard in Resources */,
				BEEFC7192B1D0DBF0072ECB3 /* Assets.xcassets in Resources */,
				BEEFC7172B1D0DBD0072ECB3 /* Main.storyboard in Resources */,
			);
			runOnlyForDeploymentPostprocessing = 0;
		};
		BEEFC7202B1D0DBF0072ECB3 /* Resources */ = {
			isa = PBXResourcesBuildPhase;
			buildActionMask = 2147483647;
			files = (
			);
			runOnlyForDeploymentPostprocessing = 0;
		};
		BEEFC72A2B1D0DBF0072ECB3 /* Resources */ = {
			isa = PBXResourcesBuildPhase;
			buildActionMask = 2147483647;
			files = (
			);
			runOnlyForDeploymentPostprocessing = 0;
		};
/* End PBXResourcesBuildPhase section */

/* Begin PBXSourcesBuildPhase section */
		BEEFC7082B1D0DBD0072ECB3 /* Sources */ = {
			isa = PBXSourcesBuildPhase;
			buildActionMask = 2147483647;
			files = (
				BEEFC7142B1D0DBD0072ECB3 /* ViewController.swift in Sources */,
				BEEFC7102B1D0DBD0072ECB3 /* AppDelegate.swift in Sources */,
				BEEFC7122B1D0DBD0072ECB3 /* SceneDelegate.swift in Sources */,
			);
			runOnlyForDeploymentPostprocessing = 0;
		};
		BEEFC71E2B1D0DBF0072ECB3 /* Sources */ = {
			isa = PBXSourcesBuildPhase;
			buildActionMask = 2147483647;
			files = (
				BEEFC7272B1D0DBF0072ECB3 /* CalculatorTests.swift in Sources */,
			);
			runOnlyForDeploymentPostprocessing = 0;
		};
		BEEFC7282B1D0DBF0072ECB3 /* Sources */ = {
			isa = PBXSourcesBuildPhase;
			buildActionMask = 2147483647;
			files = (
				BEEFC7332B1D0DBF0072ECB3 /* CalculatorUITestsLaunchTests.swift in Sources */,
				BEEFC7312B1D0DBF0072ECB3 /* CalculatorUITests.swift in Sources */,
			);
			runOnlyForDeploymentPostprocessing = 0;
		};
/* End PBXSourcesBuildPhase section */

/* Begin PBXTargetDependency section */
		BEEFC7242B1D0DBF0072ECB3 /* PBXTargetDependency */ = {
			isa = PBXTargetDependency;
			target = BEEFC70B2B1D0DBD0072ECB3 /* Calculator */;
			targetProxy = BEEFC7232B1D0DBF0072ECB3 /* PBXContainerItemProxy */;
		};
		BEEFC72E2B1D0DBF0072ECB3 /* PBXTargetDependency */ = {
			isa = PBXTargetDependency;
			target = BEEFC70B2B1D0DBD0072ECB3 /* Calculator */;
			targetProxy = BEEFC72D2B1D0DBF0072ECB3 /* PBXContainerItemProxy */;
		};
/* End PBXTargetDependency section */

/* Begin PBXVariantGroup section */
		BEEFC7152B1D0DBD0072ECB3 /* Main.storyboard */ = {
			isa = PBXVariantGroup;
			children = (
				BEEFC7162B1D0DBD0072ECB3 /* Base */,
			);
			name = Main.storyboard;
			sourceTree = "<group>";
		};
		BEEFC71A2B1D0DBF0072ECB3 /* LaunchScreen.storyboard */ = {
			isa = PBXVariantGroup;
			children = (
				BEEFC71B2B1D0DBF0072ECB3 /* Base */,
			);
			name = LaunchScreen.storyboard;
			sourceTree = "<group>";
		};
/* End PBXVariantGroup section */

/* Begin XCBuildConfiguration section */
		BEEFC7342B1D0DBF0072ECB3 /* Debug */ = {
			isa = XCBuildConfiguration;
			buildSettings = {
				ALWAYS_SEARCH_USER_PATHS = NO;
				ASSETCATALOG_COMPILER_GENERATE_SWIFT_ASSET_SYMBOL_EXTENSIONS = YES;
				CLANG_ANALYZER_NONNULL = YES;
				CLANG_ANALYZER_NUMBER_OBJECT_CONVERSION = YES_AGGRESSIVE;
				CLANG_CXX_LANGUAGE_STANDARD = "gnu++20";
				CLANG_ENABLE_MODULES = YES;
				CLANG_ENABLE_OBJC_ARC = YES;
				CLANG_ENABLE_OBJC_WEAK = YES;
				CLANG_WARN_BLOCK_CAPTURE_AUTORELEASING = YES;
				CLANG_WARN_BOOL_CONVERSION = YES;
				CLANG_WARN_COMMA = YES;
				CLANG_WARN_CONSTANT_CONVERSION = YES;
				CLANG_WARN_DEPRECATED_OBJC_IMPLEMENTATIONS = YES;
				CLANG_WARN_DIRECT_OBJC_ISA_USAGE = YES_ERROR;
				CLANG_WARN_DOCUMENTATION_COMMENTS = YES;
				CLANG_WARN_EMPTY_BODY = YES;
				CLANG_WARN_ENUM_CONVERSION = YES;
				CLANG_WARN_INFINITE_RECURSION = YES;
				CLANG_WARN_INT_CONVERSION = YES;
				CLANG_WARN_NON_LITERAL_NULL_CONVERSION = YES;
				CLANG_WARN_OBJC_IMPLICIT_RETAIN_SELF = YES;
				CLANG_WARN_OBJC_LITERAL_CONVERSION = YES;
				CLANG_WARN_OBJC_ROOT_CLASS = YES_ERROR;
				CLANG_WARN_QUOTED_INCLUDE_IN_FRAMEWORK_HEADER = YES;
				CLANG_WARN_RANGE_LOOP_ANALYSIS = YES;
				CLANG_WARN_STRICT_PROTOTYPES = YES;
				CLANG_WARN_SUSPICIOUS_MOVE = YES;
				CLANG_WARN_UNGUARDED_AVAILABILITY = YES_AGGRESSIVE;
				CLANG_WARN_UNREACHABLE_CODE = YES;
				CLANG_WARN__DUPLICATE_METHOD_MATCH = YES;
				COPY_PHASE_STRIP = NO;
				DEBUG_INFORMATION_FORMAT = dwarf;
				ENABLE_STRICT_OBJC_MSGSEND = YES;
				ENABLE_TESTABILITY = YES;
				ENABLE_USER_SCRIPT_SANDBOXING = YES;
				GCC_C_LANGUAGE_STANDARD = gnu17;
				GCC_DYNAMIC_NO_PIC = NO;
				GCC_NO_COMMON_BLOCKS = YES;
				GCC_OPTIMIZATION_LEVEL = 0;
				GCC_PREPROCESSOR_DEFINITIONS = (
					"DEBUG=1",
					"$(inherited)",
				);
				GCC_WARN_64_TO_32_BIT_CONVERSION = YES;
				GCC_WARN_ABOUT_RETURN_TYPE = YES_ERROR;
				GCC_WARN_UNDECLARED_SELECTOR = YES;
				GCC_WARN_UNINITIALIZED_AUTOS = YES_AGGRESSIVE;
				GCC_WARN_UNUSED_FUNCTION = YES;
				GCC_WARN_UNUSED_VARIABLE = YES;
				IPHONEOS_DEPLOYMENT_TARGET = 17.0;
				LOCALIZATION_PREFERS_STRING_CATALOGS = YES;
				MTL_ENABLE_DEBUG_INFO = INCLUDE_SOURCE;
				MTL_FAST_MATH = YES;
				ONLY_ACTIVE_ARCH = YES;
				SDKROOT = iphoneos;
				SWIFT_ACTIVE_COMPILATION_CONDITIONS = "DEBUG $(inherited)";
				SWIFT_OPTIMIZATION_LEVEL = "-Onone";
			};
			name = Debug;
		};
		BEEFC7352B1D0DBF0072ECB3 /* Release */ = {
			isa = XCBuildConfiguration;
			buildSettings = {
				ALWAYS_SEARCH_USER_PATHS = NO;
				ASSETCATALOG_COMPILER_GENERATE_SWIFT_ASSET_SYMBOL_EXTENSIONS = YES;
				CLANG_ANALYZER_NONNULL = YES;
				CLANG_ANALYZER_NUMBER_OBJECT_CONVERSION = YES_AGGRESSIVE;
				CLANG_CXX_LANGUAGE_STANDARD = "gnu++20";
				CLANG_ENABLE_MODULES = YES;
				CLANG_ENABLE_OBJC_ARC = YES;
				CLANG_ENABLE_OBJC_WEAK = YES;
				CLANG_WARN_BLOCK_CAPTURE_AUTORELEASING = YES;
				CLANG_WARN_BOOL_CONVERSION = YES;
				CLANG_WARN_COMMA = YES;
				CLANG_WARN_CONSTANT_CONVERSION = YES;
				CLANG_WARN_DEPRECATED_OBJC_IMPLEMENTATIONS = YES;
				CLANG_WARN_DIRECT_OBJC_ISA_USAGE = YES_ERROR;
				CLANG_WARN_DOCUMENTATION_COMMENTS = YES;
				CLANG_WARN_EMPTY_BODY = YES;
				CLANG_WARN_ENUM_CONVERSION = YES;
				CLANG_WARN_INFINITE_RECURSION = YES;
				CLANG_WARN_INT_CONVERSION = YES;
				CLANG_WARN_NON_LITERAL_NULL_CONVERSION = YES;
				CLANG_WARN_OBJC_IMPLICIT_RETAIN_SELF = YES;
				CLANG_WARN_OBJC_LITERAL_CONVERSION = YES;
				CLANG_WARN_OBJC_ROOT_CLASS = YES_ERROR;
				CLANG_WARN_QUOTED_INCLUDE_IN_FRAMEWORK_HEADER = YES;
				CLANG_WARN_RANGE_LOOP_ANALYSIS = YES;
				CLANG_WARN_STRICT_PROTOTYPES = YES;
				CLANG_WARN_SUSPICIOUS_MOVE = YES;
				CLANG_WARN_UNGUARDED_AVAILABILITY = YES_AGGRESSIVE;
				CLANG_WARN_UNREACHABLE_CODE = YES;
				CLANG_WARN__DUPLICATE_METHOD_MATCH = YES;
				COPY_PHASE_STRIP = NO;
				DEBUG_INFORMATION_FORMAT = "dwarf-with-dsym";
				ENABLE_NS_ASSERTIONS = NO;
				ENABLE_STRICT_OBJC_MSGSEND = YES;
				ENABLE_USER_SCRIPT_SANDBOXING = YES;
				GCC_C_LANGUAGE_STANDARD = gnu17;
				GCC_NO_COMMON_BLOCKS = YES;
				GCC_WARN_64_TO_32_BIT_CONVERSION = YES;
				GCC_WARN_ABOUT_RETURN_TYPE = YES_ERROR;
				GCC_WARN_UNDECLARED_SELECTOR = YES;
				GCC_WARN_UNINITIALIZED_AUTOS = YES_AGGRESSIVE;
				GCC_WARN_UNUSED_FUNCTION = YES;
				GCC_WARN_UNUSED_VARIABLE = YES;
				IPHONEOS_DEPLOYMENT_TARGET = 17.0;
				LOCALIZATION_PREFERS_STRING_CATALOGS = YES;
				MTL_ENABLE_DEBUG_INFO = NO;
				MTL_FAST_MATH = YES;
				SDKROOT = iphoneos;
				SWIFT_COMPILATION_MODE = wholemodule;
				VALIDATE_PRODUCT = YES;
			};
			name = Release;
		};
		BEEFC7372B1D0DBF0072ECB3 /* Debug */ = {
			isa = XCBuildConfiguration;
			buildSettings = {
				ASSETCATALOG_COMPILER_APPICON_NAME = AppIcon;
				ASSETCATALOG_COMPILER_GLOBAL_ACCENT_COLOR_NAME = AccentColor;
				CODE_SIGN_STYLE = Automatic;
				CURRENT_PROJECT_VERSION = 1;
				DEVELOPMENT_TEAM = VP7SBR8U76;
				GENERATE_INFOPLIST_FILE = YES;
				INFOPLIST_FILE = Calculator/Info.plist;
				INFOPLIST_KEY_UIApplicationSupportsIndirectInputEvents = YES;
				INFOPLIST_KEY_UILaunchStoryboardName = LaunchScreen;
				INFOPLIST_KEY_UIMainStoryboardFile = Main;
				INFOPLIST_KEY_UISupportedInterfaceOrientations_iPad = "UIInterfaceOrientationPortrait UIInterfaceOrientationPortraitUpsideDown UIInterfaceOrientationLandscapeLeft UIInterfaceOrientationLandscapeRight";
				INFOPLIST_KEY_UISupportedInterfaceOrientations_iPhone = "UIInterfaceOrientationPortrait UIInterfaceOrientationLandscapeLeft UIInterfaceOrientationLandscapeRight";
				LD_RUNPATH_SEARCH_PATHS = (
					"$(inherited)",
					"@executable_path/Frameworks",
				);
				MARKETING_VERSION = 1.0;
				PRODUCT_BUNDLE_IDENTIFIER = kittler.com.br.Calculator;
				PRODUCT_NAME = "$(TARGET_NAME)";
				SWIFT_EMIT_LOC_STRINGS = YES;
				SWIFT_VERSION = 5.0;
				TARGETED_DEVICE_FAMILY = "1,2";
			};
			name = Debug;
		};
		BEEFC7382B1D0DBF0072ECB3 /* Release */ = {
			isa = XCBuildConfiguration;
			buildSettings = {
				ASSETCATALOG_COMPILER_APPICON_NAME = AppIcon;
				ASSETCATALOG_COMPILER_GLOBAL_ACCENT_COLOR_NAME = AccentColor;
				CODE_SIGN_STYLE = Automatic;
				CURRENT_PROJECT_VERSION = 1;
				DEVELOPMENT_TEAM = VP7SBR8U76;
				GENERATE_INFOPLIST_FILE = YES;
				INFOPLIST_FILE = Calculator/Info.plist;
				INFOPLIST_KEY_UIApplicationSupportsIndirectInputEvents = YES;
				INFOPLIST_KEY_UILaunchStoryboardName = LaunchScreen;
				INFOPLIST_KEY_UIMainStoryboardFile = Main;
				INFOPLIST_KEY_UISupportedInterfaceOrientations_iPad = "UIInterfaceOrientationPortrait UIInterfaceOrientationPortraitUpsideDown UIInterfaceOrientationLandscapeLeft UIInterfaceOrientationLandscapeRight";
				INFOPLIST_KEY_UISupportedInterfaceOrientations_iPhone = "UIInterfaceOrientationPortrait UIInterfaceOrientationLandscapeLeft UIInterfaceOrientationLandscapeRight";
				LD_RUNPATH_SEARCH_PATHS = (
					"$(inherited)",
					"@executable_path/Frameworks",
				);
				MARKETING_VERSION = 1.0;
				PRODUCT_BUNDLE_IDENTIFIER = kittler.com.br.Calculator;
				PRODUCT_NAME = "$(TARGET_NAME)";
				SWIFT_EMIT_LOC_STRINGS = YES;
				SWIFT_VERSION = 5.0;
				TARGETED_DEVICE_FAMILY = "1,2";
			};
			name = Release;
		};
		BEEFC73A2B1D0DBF0072ECB3 /* Debug */ = {
			isa = XCBuildConfiguration;
			buildSettings = {
				ALWAYS_EMBED_SWIFT_STANDARD_LIBRARIES = YES;
				BUNDLE_LOADER = "$(TEST_HOST)";
				CODE_SIGN_STYLE = Automatic;
				CURRENT_PROJECT_VERSION = 1;
				DEVELOPMENT_TEAM = VP7SBR8U76;
				GENERATE_INFOPLIST_FILE = YES;
				IPHONEOS_DEPLOYMENT_TARGET = 17.0;
				MARKETING_VERSION = 1.0;
				PRODUCT_BUNDLE_IDENTIFIER = kittler.com.br.CalculatorTests;
				PRODUCT_NAME = "$(TARGET_NAME)";
				SWIFT_EMIT_LOC_STRINGS = NO;
				SWIFT_VERSION = 5.0;
				TARGETED_DEVICE_FAMILY = "1,2";
				TEST_HOST = "$(BUILT_PRODUCTS_DIR)/Calculator.app/$(BUNDLE_EXECUTABLE_FOLDER_PATH)/Calculator";
			};
			name = Debug;
		};
		BEEFC73B2B1D0DBF0072ECB3 /* Release */ = {
			isa = XCBuildConfiguration;
			buildSettings = {
				ALWAYS_EMBED_SWIFT_STANDARD_LIBRARIES = YES;
				BUNDLE_LOADER = "$(TEST_HOST)";
				CODE_SIGN_STYLE = Automatic;
				CURRENT_PROJECT_VERSION = 1;
				DEVELOPMENT_TEAM = VP7SBR8U76;
				GENERATE_INFOPLIST_FILE = YES;
				IPHONEOS_DEPLOYMENT_TARGET = 17.0;
				MARKETING_VERSION = 1.0;
				PRODUCT_BUNDLE_IDENTIFIER = kittler.com.br.CalculatorTests;
				PRODUCT_NAME = "$(TARGET_NAME)";
				SWIFT_EMIT_LOC_STRINGS = NO;
				SWIFT_VERSION = 5.0;
				TARGETED_DEVICE_FAMILY = "1,2";
				TEST_HOST = "$(BUILT_PRODUCTS_DIR)/Calculator.app/$(BUNDLE_EXECUTABLE_FOLDER_PATH)/Calculator";
			};
			name = Release;
		};
		BEEFC73D2B1D0DBF0072ECB3 /* Debug */ = {
			isa = XCBuildConfiguration;
			buildSettings = {
				ALWAYS_EMBED_SWIFT_STANDARD_LIBRARIES = YES;
				CODE_SIGN_STYLE = Automatic;
				CURRENT_PROJECT_VERSION = 1;
				DEVELOPMENT_TEAM = VP7SBR8U76;
				GENERATE_INFOPLIST_FILE = YES;
				MARKETING_VERSION = 1.0;
				PRODUCT_BUNDLE_IDENTIFIER = kittler.com.br.CalculatorUITests;
				PRODUCT_NAME = "$(TARGET_NAME)";
				SWIFT_EMIT_LOC_STRINGS = NO;
				SWIFT_VERSION = 5.0;
				TARGETED_DEVICE_FAMILY = "1,2";
				TEST_TARGET_NAME = Calculator;
			};
			name = Debug;
		};
		BEEFC73E2B1D0DBF0072ECB3 /* Release */ = {
			isa = XCBuildConfiguration;
			buildSettings = {
				ALWAYS_EMBED_SWIFT_STANDARD_LIBRARIES = YES;
				CODE_SIGN_STYLE = Automatic;
				CURRENT_PROJECT_VERSION = 1;
				DEVELOPMENT_TEAM = VP7SBR8U76;
				GENERATE_INFOPLIST_FILE = YES;
				MARKETING_VERSION = 1.0;
				PRODUCT_BUNDLE_IDENTIFIER = kittler.com.br.CalculatorUITests;
				PRODUCT_NAME = "$(TARGET_NAME)";
				SWIFT_EMIT_LOC_STRINGS = NO;
				SWIFT_VERSION = 5.0;
				TARGETED_DEVICE_FAMILY = "1,2";
				TEST_TARGET_NAME = Calculator;
			};
			name = Release;
		};
/* End XCBuildConfiguration section */

/* Begin XCConfigurationList section */
		BEEFC7072B1D0DBD0072ECB3 /* Build configuration list for PBXProject "Calculator" */ = {
			isa = XCConfigurationList;
			buildConfigurations = (
				BEEFC7342B1D0DBF0072ECB3 /* Debug */,
				BEEFC7352B1D0DBF0072ECB3 /* Release */,
			);
			defaultConfigurationIsVisible = 0;
			defaultConfigurationName = Release;
		};
		BEEFC7362B1D0DBF0072ECB3 /* Build configuration list for PBXNativeTarget "Calculator" */ = {
			isa = XCConfigurationList;
			buildConfigurations = (
				BEEFC7372B1D0DBF0072ECB3 /* Debug */,
				BEEFC7382B1D0DBF0072ECB3 /* Release */,
			);
			defaultConfigurationIsVisible = 0;
			defaultConfigurationName = Release;
		};
		BEEFC7392B1D0DBF0072ECB3 /* Build configuration list for PBXNativeTarget "CalculatorTests" */ = {
			isa = XCConfigurationList;
			buildConfigurations = (
				BEEFC73A2B1D0DBF0072ECB3 /* Debug */,
				BEEFC73B2B1D0DBF0072ECB3 /* Release */,
			);
			defaultConfigurationIsVisible = 0;
			defaultConfigurationName = Release;
		};
		BEEFC73C2B1D0DBF0072ECB3 /* Build configuration list for PBXNativeTarget "CalculatorUITests" */ = {
			isa = XCConfigurationList;
			buildConfigurations = (
				BEEFC73D2B1D0DBF0072ECB3 /* Debug */,
				BEEFC73E2B1D0DBF0072ECB3 /* Release */,
			);
			defaultConfigurationIsVisible = 0;
			defaultConfigurationName = Release;
		};
/* End XCConfigurationList section */
	};
	rootObject = BEEFC7042B1D0DBD0072ECB3 /* Project object */;
}
